
Microsoft Visual Studio Solution File, Format Version 12.00
# Visual Studio Version 16
VisualStudioVersion = 16.0.29920.165
MinimumVisualStudioVersion = 10.0.40219.1
Project("{FAE04EC0-301F-11D3-BF4B-00C04F79EFBC}") = "SudokuApp", "SudokuApp\SudokuApp.csproj", "{FBE70DFA-78A8-41C8-A3A8-D30E08DB929F}"
EndProject
Global
	GlobalSection(SolutionConfigurationPlatforms) = preSolution
		Debug|Any CPU = Debug|Any CPU
		Release|Any CPU = Release|Any CPU
	EndGlobalSection
	GlobalSection(ProjectConfigurationPlatforms) = postSolution
		{FBE70DFA-78A8-41C8-A3A8-D30E08DB929F}.Debug|Any CPU.ActiveCfg = Debug|Any CPU
		{FBE70DFA-78A8-41C8-A3A8-D30E08DB929F}.Debug|Any CPU.Build.0 = Debug|Any CPU
		{FBE70DFA-78A8-41C8-A3A8-D30E08DB929F}.Release|Any CPU.ActiveCfg = Release|Any CPU
		{FBE70DFA-78A8-41C8-A3A8-D30E08DB929F}.Release|Any CPU.Build.0 = Release|Any CPU
	EndGlobalSection
	GlobalSection(SolutionProperties) = preSolution
		HideSolutionNode = FALSE
	EndGlobalSection
	GlobalSection(ExtensibilityGlobals) = postSolution
		SolutionGuid = {FE304EEF-4162-4AF7-AF8F-57FA42FB32FB}
	EndGlobalSection
EndGlobal
